
Microsoft Visual Studio Solution File, Format Version 12.00
# Visual Studio Version 17
VisualStudioVersion = 17.3.32901.215
MinimumVisualStudioVersion = 10.0.40219.1
Project("{FAE04EC0-301F-11D3-BF4B-00C04F79EFBC}") = "WebApplicationASP", "WebApplicationASP\WebApplicationASP.csproj", "{89DB416D-19CF-45FE-963A-07BD65EC5842}"
EndProject
Global
	GlobalSection(SolutionConfigurationPlatforms) = preSolution
		Debug|Any CPU = Debug|Any CPU
		Release|Any CPU = Release|Any CPU
	EndGlobalSection
	GlobalSection(ProjectConfigurationPlatforms) = postSolution
		{89DB416D-19CF-45FE-963A-07BD65EC5842}.Debug|Any CPU.ActiveCfg = Debug|Any CPU
		{89DB416D-19CF-45FE-963A-07BD65EC5842}.Debug|Any CPU.Build.0 = Debug|Any CPU
		{89DB416D-19CF-45FE-963A-07BD65EC5842}.Release|Any CPU.ActiveCfg = Release|Any CPU
		{89DB416D-19CF-45FE-963A-07BD65EC5842}.Release|Any CPU.Build.0 = Release|Any CPU
	EndGlobalSection
	GlobalSection(SolutionProperties) = preSolution
		HideSolutionNode = FALSE
	EndGlobalSection
	GlobalSection(ExtensibilityGlobals) = postSolution
		SolutionGuid = {82FF3493-B733-4501-BFF2-03E282CCB5A9}
	EndGlobalSection
EndGlobal
